PODS:
  - DryWechat-iOS (1.0.0):
    - WechatOpenSDK
  - WechatOpenSDK (1.8.7)

DEPENDENCIES:
  - DryWechat-iOS (from `../`)

SPEC REPOS:
  https://github.com/CocoaPods/Specs.git:
    - WechatOpenSDK

EXTERNAL SOURCES:
  DryWechat-iOS:
    :path: "../"

SPEC CHECKSUMS:
  DryWechat-iOS: d422c1a92fe7c5c9f472ba79af94176e780fc8cd
  WechatOpenSDK: 7cd4d3386fb6ba5595d5fb863e0a3bfd43bc6768

PODFILE CHECKSUM: 8f456a86c247f07224c4ae13962dc6d0bf5f089d

COCOAPODS: 1.9.1
